// !$*UTF8*$!
{
	archiveVersion = 1;
	classes = {
	};
	objectVersion = 56;
	objects = {

/* Begin PBXBuildFile section */
		AB0FD5722E79473E00BF2D66 /* imgui_widgets.cpp in Sources */ = {isa = PBXBuildFile; fileRef = AB0FD56E2E79473E00BF2D66 /* imgui_widgets.cpp */; };
		AB0FD5732E79473E00BF2D66 /* imgui_tables.cpp in Sources */ = {isa = PBXBuildFile; fileRef = AB0FD56F2E79473E00BF2D66 /* imgui_tables.cpp */; };
		AB0FD5742E79473E00BF2D66 /* imgui_draw.cpp in Sources */ = {isa = PBXBuildFile; fileRef = AB0FD5702E79473E00BF2D66 /* imgui_draw.cpp */; };
		AB0FD70A2E7948E000BF2D66 /* imgui_impl_opengl3.cpp in Sources */ = {isa = PBXBuildFile; fileRef = AB0FD7082E7948E000BF2D66 /* imgui_impl_opengl3.cpp */; };
		AB0FD70D2E794D8000BF2D66 /* Cocoa.framework in Frameworks */ = {isa = PBXBuildFile; fileRef = AB0FD70C2E794D8000BF2D66 /* Cocoa.framework */; };
		AB0FD70F2E794D8800BF2D66 /* OpenGL.framework in Frameworks */ = {isa = PBXBuildFile; fileRef = AB0FD70E2E794D8800BF2D66 /* OpenGL.framework */; };
		AB0FD7112E794D9400BF2D66 /* IOKit.framework in Frameworks */ = {isa = PBXBuildFile; fileRef = AB0FD7102E794D9400BF2D66 /* IOKit.framework */; };
		AB0FD7132E794DA100BF2D66 /* CoreVideo.framework in Frameworks */ = {isa = PBXBuildFile; fileRef = AB0FD7122E794DA100BF2D66 /* CoreVideo.framework */; };
		AB0FD71A2E7958CA00BF2D66 /* imgui_impl_glfw.cpp in Sources */ = {isa = PBXBuildFile; fileRef = AB0FD7192E7958CA00BF2D66 /* imgui_impl_glfw.cpp */; };
		AB2317BC2E7AB36000BC70E2 /* libglfw.3.dylib in Frameworks */ = {isa = PBXBuildFile; fileRef = AB2317BB2E7AB36000BC70E2 /* libglfw.3.dylib */; };
		AB2317C32E7AB53100BC70E2 /* t0kenumbers.cpp in Sources */ = {isa = PBXBuildFile; fileRef = AB2317BD2E7AB53100BC70E2 /* t0kenumbers.cpp */; };
		AB2317C42E7AB53100BC70E2 /* main_gui.cpp in Sources */ = {isa = PBXBuildFile; fileRef = AB2317C12E7AB53100BC70E2 /* main_gui.cpp */; };
		AB2317C52E7AB53100BC70E2 /* mints_global.cpp in Sources */ = {isa = PBXBuildFile; fileRef = AB2317C22E7AB53100BC70E2 /* mints_global.cpp */; };
		AB2317C72E7AB64000BC70E2 /* libglfw.3.dylib in CopyFiles */ = {isa = PBXBuildFile; fileRef = AB2317C62E7AB64000BC70E2 /* libglfw.3.dylib */; settings = {ATTRIBUTES = (CodeSignOnCopy, ); }; };
		AB2317C92E7AB84900BC70E2 /* imgui.cpp in Sources */ = {isa = PBXBuildFile; fileRef = AB2317C82E7AB84900BC70E2 /* imgui.cpp */; };
/* End PBXBuildFile section */

/* Begin PBXCopyFilesBuildPhase section */
		ABB4C4302E79DDD300E108C9 /* CopyFiles */ = {
			isa = PBXCopyFilesBuildPhase;
			buildActionMask = 2147483647;
			dstPath = "";
			dstSubfolderSpec = 10;
			files = (
				AB2317C72E7AB64000BC70E2 /* libglfw.3.dylib in CopyFiles */,
			);
			runOnlyForDeploymentPostprocessing = 0;
		};
/* End PBXCopyFilesBuildPhase section */

/* Begin PBXFileReference section */
		AB0FD5112E78848500BF2D66 /* t0kenplay */ = {isa = PBXFileReference; explicitFileType = "compiled.mach-o.executable"; includeInIndex = 0; path = t0kenplay; sourceTree = BUILT_PRODUCTS_DIR; };
		AB0FD56E2E79473E00BF2D66 /* imgui_widgets.cpp */ = {isa = PBXFileReference; fileEncoding = 4; lastKnownFileType = sourcecode.cpp.cpp; name = imgui_widgets.cpp; path = imgui/imgui_widgets.cpp; sourceTree = "<group>"; };
		AB0FD56F2E79473E00BF2D66 /* imgui_tables.cpp */ = {isa = PBXFileReference; fileEncoding = 4; lastKnownFileType = sourcecode.cpp.cpp; name = imgui_tables.cpp; path = imgui/imgui_tables.cpp; sourceTree = "<group>"; };
		AB0FD5702E79473E00BF2D66 /* imgui_draw.cpp */ = {isa = PBXFileReference; fileEncoding = 4; lastKnownFileType = sourcecode.cpp.cpp; name = imgui_draw.cpp; path = imgui/imgui_draw.cpp; sourceTree = "<group>"; };
		AB0FD7082E7948E000BF2D66 /* imgui_impl_opengl3.cpp */ = {isa = PBXFileReference; fileEncoding = 4; lastKnownFileType = sourcecode.cpp.cpp; name = imgui_impl_opengl3.cpp; path = imgui/backends/imgui_impl_opengl3.cpp; sourceTree = "<group>"; };
		AB0FD70C2E794D8000BF2D66 /* Cocoa.framework */ = {isa = PBXFileReference; lastKnownFileType = wrapper.framework; name = Cocoa.framework; path = System/Library/Frameworks/Cocoa.framework; sourceTree = SDKROOT; };
		AB0FD70E2E794D8800BF2D66 /* OpenGL.framework */ = {isa = PBXFileReference; lastKnownFileType = wrapper.framework; name = OpenGL.framework; path = System/Library/Frameworks/OpenGL.framework; sourceTree = SDKROOT; };
		AB0FD7102E794D9400BF2D66 /* IOKit.framework */ = {isa = PBXFileReference; lastKnownFileType = wrapper.framework; name = IOKit.framework; path = System/Library/Frameworks/IOKit.framework; sourceTree = SDKROOT; };
		AB0FD7122E794DA100BF2D66 /* CoreVideo.framework */ = {isa = PBXFileReference; lastKnownFileType = wrapper.framework; name = CoreVideo.framework; path = System/Library/Frameworks/CoreVideo.framework; sourceTree = SDKROOT; };
		AB0FD7142E794E3300BF2D66 /* libglfw.3.4.dylib */ = {isa = PBXFileReference; lastKnownFileType = "compiled.mach-o.dylib"; name = libglfw.3.4.dylib; path = ../../../../../opt/homebrew/Cellar/glfw/3.4/lib/libglfw.3.4.dylib; sourceTree = "<group>"; };
		AB0FD7192E7958CA00BF2D66 /* imgui_impl_glfw.cpp */ = {isa = PBXFileReference; fileEncoding = 4; lastKnownFileType = sourcecode.cpp.cpp; name = imgui_impl_glfw.cpp; path = imgui/backends/imgui_impl_glfw.cpp; sourceTree = "<group>"; };
		AB2317BB2E7AB36000BC70E2 /* libglfw.3.dylib */ = {isa = PBXFileReference; lastKnownFileType = "compiled.mach-o.dylib"; name = libglfw.3.dylib; path = ../../../../../opt/homebrew/Cellar/glfw/3.4/lib/libglfw.3.dylib; sourceTree = "<group>"; };
		AB2317BD2E7AB53100BC70E2 /* t0kenumbers.cpp */ = {isa = PBXFileReference; fileEncoding = 4; lastKnownFileType = sourcecode.cpp.cpp; name = t0kenumbers.cpp; path = ../apps/t0kenumbers/src/t0kenumbers.cpp; sourceTree = "<group>"; };
		AB2317BE2E7AB53100BC70E2 /* t0kenumbers.hpp */ = {isa = PBXFileReference; fileEncoding = 4; lastKnownFileType = sourcecode.cpp.h; name = t0kenumbers.hpp; path = ../apps/t0kenumbers/src/t0kenumbers.hpp; sourceTree = "<group>"; };
		AB2317BF2E7AB53100BC70E2 /* main_gui.hpp */ = {isa = PBXFileReference; fileEncoding = 4; lastKnownFileType = sourcecode.cpp.h; name = main_gui.hpp; path = ../apps/t0kenumbers/src/main_gui.hpp; sourceTree = "<group>"; };
		AB2317C02E7AB53100BC70E2 /* mints_global.hpp */ = {isa = PBXFileReference; fileEncoding = 4; lastKnownFileType = sourcecode.cpp.h; name = mints_global.hpp; path = ../apps/t0kenumbers/src/mints_global.hpp; sourceTree = "<group>"; };
		AB2317C12E7AB53100BC70E2 /* main_gui.cpp */ = {isa = PBXFileReference; fileEncoding = 4; lastKnownFileType = sourcecode.cpp.cpp; name = main_gui.cpp; path = ../apps/t0kenumbers/src/main_gui.cpp; sourceTree = "<group>"; };
		AB2317C22E7AB53100BC70E2 /* mints_global.cpp */ = {isa = PBXFileReference; fileEncoding = 4; lastKnownFileType = sourcecode.cpp.cpp; name = mints_global.cpp; path = ../apps/t0kenumbers/src/mints_global.cpp; sourceTree = "<group>"; };
		AB2317C62E7AB64000BC70E2 /* libglfw.3.dylib */ = {isa = PBXFileReference; lastKnownFileType = "compiled.mach-o.dylib"; name = libglfw.3.dylib; path = ../../../../../opt/homebrew/Cellar/glfw/3.4/lib/libglfw.3.dylib; sourceTree = "<group>"; };
		AB2317C82E7AB84900BC70E2 /* imgui.cpp */ = {isa = PBXFileReference; fileEncoding = 4; lastKnownFileType = sourcecode.cpp.cpp; name = imgui.cpp; path = ../imgui/imgui.cpp; sourceTree = "<group>"; };
		ABB4C42E2E79DDA600E108C9 /* libSDL2.dylib */ = {isa = PBXFileReference; lastKnownFileType = "compiled.mach-o.dylib"; name = libSDL2.dylib; path = ../../../../../opt/homebrew/lib/libSDL2.dylib; sourceTree = "<group>"; };
		ABB4C4312E79DDE700E108C9 /* libSDL2.dylib */ = {isa = PBXFileReference; lastKnownFileType = "compiled.mach-o.dylib"; name = libSDL2.dylib; path = ../../../../../opt/homebrew/lib/libSDL2.dylib; sourceTree = "<group>"; };
		ABB4C4342E79E12D00E108C9 /* libglfw.3.4.dylib */ = {isa = PBXFileReference; lastKnownFileType = "compiled.mach-o.dylib"; name = libglfw.3.4.dylib; path = ../../../../../opt/homebrew/Cellar/glfw/3.4/lib/libglfw.3.4.dylib; sourceTree = "<group>"; };
/* End PBXFileReference section */

/* Begin PBXFrameworksBuildPhase section */
		AB0FD50E2E78848500BF2D66 /* Frameworks */ = {
			isa = PBXFrameworksBuildPhase;
			buildActionMask = 2147483647;
			files = (
				AB0FD7132E794DA100BF2D66 /* CoreVideo.framework in Frameworks */,
				AB2317BC2E7AB36000BC70E2 /* libglfw.3.dylib in Frameworks */,
				AB0FD7112E794D9400BF2D66 /* IOKit.framework in Frameworks */,
				AB0FD70F2E794D8800BF2D66 /* OpenGL.framework in Frameworks */,
				AB0FD70D2E794D8000BF2D66 /* Cocoa.framework in Frameworks */,
			);
			runOnlyForDeploymentPostprocessing = 0;
		};
/* End PBXFrameworksBuildPhase section */

/* Begin PBXGroup section */
		AB0FD5082E78848500BF2D66 = {
			isa = PBXGroup;
			children = (
				AB2317C62E7AB64000BC70E2 /* libglfw.3.dylib */,
				ABB4C4342E79E12D00E108C9 /* libglfw.3.4.dylib */,
				ABB4C4312E79DDE700E108C9 /* libSDL2.dylib */,
				AB2317C12E7AB53100BC70E2 /* main_gui.cpp */,
				AB2317C82E7AB84900BC70E2 /* imgui.cpp */,
				AB2317BF2E7AB53100BC70E2 /* main_gui.hpp */,
				AB2317C22E7AB53100BC70E2 /* mints_global.cpp */,
				AB2317C02E7AB53100BC70E2 /* mints_global.hpp */,
				AB2317BD2E7AB53100BC70E2 /* t0kenumbers.cpp */,
				AB2317BE2E7AB53100BC70E2 /* t0kenumbers.hpp */,
				AB0FD7192E7958CA00BF2D66 /* imgui_impl_glfw.cpp */,
				AB0FD7082E7948E000BF2D66 /* imgui_impl_opengl3.cpp */,
				AB0FD5702E79473E00BF2D66 /* imgui_draw.cpp */,
				AB0FD56F2E79473E00BF2D66 /* imgui_tables.cpp */,
				AB0FD56E2E79473E00BF2D66 /* imgui_widgets.cpp */,
				AB0FD5122E78848500BF2D66 /* Products */,
				AB0FD70B2E794D8000BF2D66 /* Frameworks */,
			);
			sourceTree = "<group>";
		};
		AB0FD5122E78848500BF2D66 /* Products */ = {
			isa = PBXGroup;
			children = (
				AB0FD5112E78848500BF2D66 /* t0kenplay */,
			);
			name = Products;
			sourceTree = "<group>";
		};
		AB0FD70B2E794D8000BF2D66 /* Frameworks */ = {
			isa = PBXGroup;
			children = (
				AB2317BB2E7AB36000BC70E2 /* libglfw.3.dylib */,
				ABB4C42E2E79DDA600E108C9 /* libSDL2.dylib */,
				AB0FD7142E794E3300BF2D66 /* libglfw.3.4.dylib */,
				AB0FD7122E794DA100BF2D66 /* CoreVideo.framework */,
				AB0FD7102E794D9400BF2D66 /* IOKit.framework */,
				AB0FD70E2E794D8800BF2D66 /* OpenGL.framework */,
				AB0FD70C2E794D8000BF2D66 /* Cocoa.framework */,
			);
			name = Frameworks;
			sourceTree = "<group>";
		};
/* End PBXGroup section */

/* Begin PBXNativeTarget section */
		AB0FD5102E78848500BF2D66 /* t0kenplay */ = {
			isa = PBXNativeTarget;
			buildConfigurationList = AB0FD5182E78848500BF2D66 /* Build configuration list for PBXNativeTarget "t0kenplay" */;
			buildPhases = (
				AB0FD50D2E78848500BF2D66 /* Sources */,
				AB0FD50E2E78848500BF2D66 /* Frameworks */,
				ABB4C4302E79DDD300E108C9 /* CopyFiles */,
			);
			buildRules = (
			);
			dependencies = (
			);
			name = t0kenplay;
			productName = t0kenplay;
			productReference = AB0FD5112E78848500BF2D66 /* t0kenplay */;
			productType = "com.apple.product-type.tool";
		};
/* End PBXNativeTarget section */

/* Begin PBXProject section */
		AB0FD5092E78848500BF2D66 /* Project object */ = {
			isa = PBXProject;
			attributes = {
				BuildIndependentTargetsInParallel = 1;
				LastUpgradeCheck = 1540;
				TargetAttributes = {
					AB0FD5102E78848500BF2D66 = {
						CreatedOnToolsVersion = 15.4;
					};
				};
			};
			buildConfigurationList = AB0FD50C2E78848500BF2D66 /* Build configuration list for PBXProject "t0kenplay" */;
			compatibilityVersion = "Xcode 14.0";
			developmentRegion = en;
			hasScannedForEncodings = 0;
			knownRegions = (
				en,
				Base,
			);
			mainGroup = AB0FD5082E78848500BF2D66;
			productRefGroup = AB0FD5122E78848500BF2D66 /* Products */;
			projectDirPath = "";
			projectRoot = "";
			targets = (
				AB0FD5102E78848500BF2D66 /* t0kenplay */,
			);
		};
/* End PBXProject section */

/* Begin PBXSourcesBuildPhase section */
		AB0FD50D2E78848500BF2D66 /* Sources */ = {
			isa = PBXSourcesBuildPhase;
			buildActionMask = 2147483647;
			files = (
				AB2317C42E7AB53100BC70E2 /* main_gui.cpp in Sources */,
				AB2317C32E7AB53100BC70E2 /* t0kenumbers.cpp in Sources */,
				AB0FD5722E79473E00BF2D66 /* imgui_widgets.cpp in Sources */,
				AB0FD5732E79473E00BF2D66 /* imgui_tables.cpp in Sources */,
				AB2317C52E7AB53100BC70E2 /* mints_global.cpp in Sources */,
				AB0FD70A2E7948E000BF2D66 /* imgui_impl_opengl3.cpp in Sources */,
				AB0FD5742E79473E00BF2D66 /* imgui_draw.cpp in Sources */,
				AB0FD71A2E7958CA00BF2D66 /* imgui_impl_glfw.cpp in Sources */,
				AB2317C92E7AB84900BC70E2 /* imgui.cpp in Sources */,
			);
			runOnlyForDeploymentPostprocessing = 0;
		};
/* End PBXSourcesBuildPhase section */

/* Begin XCBuildConfiguration section */
		AB0FD5162E78848500BF2D66 /* Debug */ = {
			isa = XCBuildConfiguration;
			buildSettings = {
				ALWAYS_SEARCH_USER_PATHS = NO;
				ASSETCATALOG_COMPILER_GENERATE_SWIFT_ASSET_SYMBOL_EXTENSIONS = YES;
				CLANG_ANALYZER_NONNULL = YES;
				CLANG_ANALYZER_NUMBER_OBJECT_CONVERSION = YES_AGGRESSIVE;
				CLANG_CXX_LANGUAGE_STANDARD = "gnu++17";
				CLANG_ENABLE_MODULES = YES;
				CLANG_ENABLE_OBJC_ARC = YES;
				CLANG_ENABLE_OBJC_WEAK = YES;
				CLANG_WARN_BLOCK_CAPTURE_AUTORELEASING = YES;
				CLANG_WARN_BOOL_CONVERSION = YES;
				CLANG_WARN_COMMA = YES;
				CLANG_WARN_CONSTANT_CONVERSION = YES;
				CLANG_WARN_DEPRECATED_OBJC_IMPLEMENTATIONS = YES;
				CLANG_WARN_DIRECT_OBJC_ISA_USAGE = YES_ERROR;
				CLANG_WARN_DOCUMENTATION_COMMENTS = YES;
				CLANG_WARN_EMPTY_BODY = YES;
				CLANG_WARN_ENUM_CONVERSION = YES;
				CLANG_WARN_INFINITE_RECURSION = YES;
				CLANG_WARN_INT_CONVERSION = YES;
				CLANG_WARN_NON_LITERAL_NULL_CONVERSION = YES;
				CLANG_WARN_OBJC_IMPLICIT_RETAIN_SELF = YES;
				CLANG_WARN_OBJC_LITERAL_CONVERSION = YES;
				CLANG_WARN_OBJC_ROOT_CLASS = YES_ERROR;
				CLANG_WARN_QUOTED_INCLUDE_IN_FRAMEWORK_HEADER = YES;
				CLANG_WARN_RANGE_LOOP_ANALYSIS = YES;
				CLANG_WARN_STRICT_PROTOTYPES = YES;
				CLANG_WARN_SUSPICIOUS_MOVE = YES;
				CLANG_WARN_UNGUARDED_AVAILABILITY = YES_AGGRESSIVE;
				CLANG_WARN_UNREACHABLE_CODE = YES;
				CLANG_WARN__DUPLICATE_METHOD_MATCH = YES;
				COPY_PHASE_STRIP = NO;
				DEBUG_INFORMATION_FORMAT = dwarf;
				ENABLE_STRICT_OBJC_MSGSEND = YES;
				ENABLE_TESTABILITY = YES;
				ENABLE_USER_SCRIPT_SANDBOXING = YES;
				EXCLUDED_ARCHS = "";
				GCC_C_LANGUAGE_STANDARD = gnu17;
				GCC_DYNAMIC_NO_PIC = NO;
				GCC_NO_COMMON_BLOCKS = YES;
				GCC_OPTIMIZATION_LEVEL = 0;
				GCC_PREPROCESSOR_DEFINITIONS = (
					"DEBUG=1",
					"$(inherited)",
				);
				GCC_WARN_64_TO_32_BIT_CONVERSION = YES;
				GCC_WARN_ABOUT_RETURN_TYPE = YES_ERROR;
				GCC_WARN_UNDECLARED_SELECTOR = YES;
				GCC_WARN_UNINITIALIZED_AUTOS = YES_AGGRESSIVE;
				GCC_WARN_UNUSED_FUNCTION = YES;
				GCC_WARN_UNUSED_VARIABLE = YES;
				HEADER_SEARCH_PATHS = (
					"$(SRCROOT)/../imgui",
					/opt/homebrew/include,
				);
				LD_RUNPATH_SEARCH_PATHS = "@executable_path/../Frameworks";
				LIBRARY_SEARCH_PATHS = /opt/homebrew/opt/glfw/lib;
				LOCALIZATION_PREFERS_STRING_CATALOGS = YES;
				MACOSX_DEPLOYMENT_TARGET = 14.5;
				MTL_ENABLE_DEBUG_INFO = INCLUDE_SOURCE;
				MTL_FAST_MATH = YES;
				ONLY_ACTIVE_ARCH = YES;
				OTHER_LDFLAGS = "-Wl,-rpath,@executable_path/../Frameworks";
				SDKROOT = macosx;
			};
			name = Debug;
		};
		AB0FD5172E78848500BF2D66 /* Release */ = {
			isa = XCBuildConfiguration;
			buildSettings = {
				ALWAYS_SEARCH_USER_PATHS = NO;
				ASSETCATALOG_COMPILER_GENERATE_SWIFT_ASSET_SYMBOL_EXTENSIONS = YES;
				CLANG_ANALYZER_NONNULL = YES;
				CLANG_ANALYZER_NUMBER_OBJECT_CONVERSION = YES_AGGRESSIVE;
				CLANG_CXX_LANGUAGE_STANDARD = "gnu++17";
				CLANG_ENABLE_MODULES = YES;
				CLANG_ENABLE_OBJC_ARC = YES;
				CLANG_ENABLE_OBJC_WEAK = YES;
				CLANG_WARN_BLOCK_CAPTURE_AUTORELEASING = YES;
				CLANG_WARN_BOOL_CONVERSION = YES;
				CLANG_WARN_COMMA = YES;
				CLANG_WARN_CONSTANT_CONVERSION = YES;
				CLANG_WARN_DEPRECATED_OBJC_IMPLEMENTATIONS = YES;
				CLANG_WARN_DIRECT_OBJC_ISA_USAGE = YES_ERROR;
				CLANG_WARN_DOCUMENTATION_COMMENTS = YES;
				CLANG_WARN_EMPTY_BODY = YES;
				CLANG_WARN_ENUM_CONVERSION = YES;
				CLANG_WARN_INFINITE_RECURSION = YES;
				CLANG_WARN_INT_CONVERSION = YES;
				CLANG_WARN_NON_LITERAL_NULL_CONVERSION = YES;
				CLANG_WARN_OBJC_IMPLICIT_RETAIN_SELF = YES;
				CLANG_WARN_OBJC_LITERAL_CONVERSION = YES;
				CLANG_WARN_OBJC_ROOT_CLASS = YES_ERROR;
				CLANG_WARN_QUOTED_INCLUDE_IN_FRAMEWORK_HEADER = YES;
				CLANG_WARN_RANGE_LOOP_ANALYSIS = YES;
				CLANG_WARN_STRICT_PROTOTYPES = YES;
				CLANG_WARN_SUSPICIOUS_MOVE = YES;
				CLANG_WARN_UNGUARDED_AVAILABILITY = YES_AGGRESSIVE;
				CLANG_WARN_UNREACHABLE_CODE = YES;
				CLANG_WARN__DUPLICATE_METHOD_MATCH = YES;
				COPY_PHASE_STRIP = NO;
				DEBUG_INFORMATION_FORMAT = "dwarf-with-dsym";
				ENABLE_NS_ASSERTIONS = NO;
				ENABLE_STRICT_OBJC_MSGSEND = YES;
				ENABLE_USER_SCRIPT_SANDBOXING = YES;
				EXCLUDED_ARCHS = "";
				GCC_C_LANGUAGE_STANDARD = gnu17;
				GCC_NO_COMMON_BLOCKS = YES;
				GCC_WARN_64_TO_32_BIT_CONVERSION = YES;
				GCC_WARN_ABOUT_RETURN_TYPE = YES_ERROR;
				GCC_WARN_UNDECLARED_SELECTOR = YES;
				GCC_WARN_UNINITIALIZED_AUTOS = YES_AGGRESSIVE;
				GCC_WARN_UNUSED_FUNCTION = YES;
				GCC_WARN_UNUSED_VARIABLE = YES;
				HEADER_SEARCH_PATHS = (
					"$(SRCROOT)/../imgui",
					/opt/homebrew/include,
				);
				LD_RUNPATH_SEARCH_PATHS = "@executable_path/../Frameworks";
				LIBRARY_SEARCH_PATHS = /opt/homebrew/opt/glfw/lib;
				LOCALIZATION_PREFERS_STRING_CATALOGS = YES;
				MACOSX_DEPLOYMENT_TARGET = 14.5;
				MTL_ENABLE_DEBUG_INFO = NO;
				MTL_FAST_MATH = YES;
				OTHER_LDFLAGS = "-Wl,-rpath,@executable_path/../Frameworks";
				SDKROOT = macosx;
			};
			name = Release;
		};
		AB0FD5192E78848500BF2D66 /* Debug */ = {
			isa = XCBuildConfiguration;
			buildSettings = {
				CODE_SIGN_STYLE = Automatic;
				HEADER_SEARCH_PATHS = (
					"$(SRCROOT)/../imgui",
					/opt/homebrew/include,
				);
				LD_RUNPATH_SEARCH_PATHS = "@executable_path/../Frameworks";
				LIBRARY_SEARCH_PATHS = /opt/homebrew/opt/glfw/lib;
				OTHER_LDFLAGS = "-Wl,-rpath,@executable_path/../Frameworks";
				PRODUCT_NAME = "$(TARGET_NAME)";
			};
			name = Debug;
		};
		AB0FD51A2E78848500BF2D66 /* Release */ = {
			isa = XCBuildConfiguration;
			buildSettings = {
				CODE_SIGN_STYLE = Automatic;
				HEADER_SEARCH_PATHS = (
					"$(SRCROOT)/../imgui",
					/opt/homebrew/include,
				);
				LD_RUNPATH_SEARCH_PATHS = "@executable_path/../Frameworks";
				LIBRARY_SEARCH_PATHS = /opt/homebrew/opt/glfw/lib;
				OTHER_LDFLAGS = "-Wl,-rpath,@executable_path/../Frameworks";
				PRODUCT_NAME = "$(TARGET_NAME)";
			};
			name = Release;
		};
/* End XCBuildConfiguration section */

/* Begin XCConfigurationList section */
		AB0FD50C2E78848500BF2D66 /* Build configuration list for PBXProject "t0kenplay" */ = {
			isa = XCConfigurationList;
			buildConfigurations = (
				AB0FD5162E78848500BF2D66 /* Debug */,
				AB0FD5172E78848500BF2D66 /* Release */,
			);
			defaultConfigurationIsVisible = 0;
			defaultConfigurationName = Release;
		};
		AB0FD5182E78848500BF2D66 /* Build configuration list for PBXNativeTarget "t0kenplay" */ = {
			isa = XCConfigurationList;
			buildConfigurations = (
				AB0FD5192E78848500BF2D66 /* Debug */,
				AB0FD51A2E78848500BF2D66 /* Release */,
			);
			defaultConfigurationIsVisible = 0;
			defaultConfigurationName = Release;
		};
/* End XCConfigurationList section */
	};
	rootObject = AB0FD5092E78848500BF2D66 /* Project object */;
}
